{
    "_meta": {
        "hash": {
            "sha256": "1cc00417c869203132c13509ecc53f84ddf2f6f9cc460cdc5bb3f58441e6c97a"
        },
        "pipfile-spec": 6,
        "requires": {
            "python_version": "3.10"
        },
        "sources": [
            {
                "name": "pypi",
                "url": "https://pypi.org/simple",
                "verify_ssl": true
            }
        ]
    },
    "default": {
        "asgiref": {
            "hashes": [
                "sha256:3e1e3ecc849832fe52ccf2cb6686b7a55f82bb1d6aee72a58826471390335e47",
                "sha256:c343bd80a0bec947a9860adb4c432ffa7db769836c64238fc34bdc3fec84d590"
            ],
            "index": "pypi",
            "markers": "python_version >= '3.8'",
            "version": "==3.8.1"
        },
        "contourpy": {
            "hashes": [
                "sha256:0389349875424aa8c5e61f757e894687916bc4e9616cc6afcbd8051aa2428952",
                "sha256:0395ae71164bfeb2dedd136e03c71a2718a5aa9873a46f518f4133be0d63e1d2",
                "sha256:057114f698ffb9e54657e8fda6802e2f5c8fad609845cf6afaf31590ef6a33c0",
                "sha256:061e1f066c419ffe25b615a1df031b4832ea1d7f2676937e69e8e00e24512005",
                "sha256:06c4d1dde5ee4f909a8a95ba1eb04040c6c26946b4f3b5beaf10d45f14e940ee",
                "sha256:09ed9b63f4df8a7591b7a4a26c1ad066dcaafda1f846250fdcb534074a411692",
                "sha256:0f7672148f8fca48e4efc16aba24a7455b40c22d4f8abe42475dec6a12b0bb9a",
                "sha256:0f89f0608a5aa8142ed0e53957916623791a88c7f5e5f07ae530c328beeb888f",
                "sha256:128bd7acf569f8443ad5b2227f30ac909e4f5399ed221727eeacf0c6476187e6",
                "sha256:19ea64fa0cf389d2ebc10974616acfa1fdecbd73d1fd9c72215b782f3c40f561",
                "sha256:1fb782982c42cee667b892a0b0c52a9f6c7ecf1da5c5f4345845f04eaa862f93",
                "sha256:218722a29c5c26677d37c44f5f8a372daf6f07870aad793a97d47eb6ad6b3290",
                "sha256:2b5e334330d82866923015b455260173cb3b9e3b4e297052d758abd262031289",
                "sha256:2bf5c846c257578b03d498b20f54f53551616a507d8e5463511c58bb58e9a9cf",
                "sha256:2d0ad9a85f208473b1f3613c45756c7aa6fcc288266a8c7b873f896aaf741b6b",
                "sha256:2f54dcc9bb9390fd0636301ead134d46d5229fe86da0db4d974c0fda349f560e",
                "sha256:3109fa601d2a448cec4643abd3a31f972bf05b7c2f2e83df9d3429878f8c10ae",
                "sha256:3210d93ad2af742b6a96cf39792f7181822edbb8fe11c3ef29d1583fe637a8d8",
                "sha256:3b3082ade8849130203d461b98c2a061b382c46074b43b4edd5cefd81af92b8a",
                "sha256:3c3f2f6b898a40207843ae01970e57e33d22a26b22f23c6a5e07b4716751085f",
                "sha256:3ca40d7844b391d90b864c6a6d1bb6b88b09035fb4d866d64d43c4d26fb0ab64",
                "sha256:3cfc067ddde78b76dcbc9684d82688b7d3c5158fa2254a085f9bcb9586c1e2d8",
                "sha256:434942fa2f9019b9ae525fb752dc523800c49a1a28fbd6d9240b0fa959573dcc",
                "sha256:46b8e24813e2fb5a3e598c1f8b9ae403e1438cb846a80cc2b33cddf19dddd7f2",
                "sha256:59c827e536bb5e3ef58e06da0faba61fd89a14f30b68bcfeca41f43ca83a1942",
                "sha256:60f37acd4e4227c5a29f737d9a85ca3145c529a8dd4bf70af7f0637c61b49222",
                "sha256:689d7d2a840619915d0abd1ecc6e399fee202f8ad315acda2807f4ca420d0802",
                "sha256:6c02e22cf09996194bcb3a4784099975cf527d5c29caf759abadf29ebdb2fe27",
                "sha256:79908b9d02b1d6c1c71ff3b7ad127f3f82e14a8e091ab44b3c7e34b649fea733",
                "sha256:7c9e99aac7b430f6a9f15eebf058c742097cea3369f23a2bfc5e64d374b67e3a",
                "sha256:813c2944e940ef8dccea71305bacc942d4b193a021140874b3e58933ec44f5b6",
                "sha256:87121b9428ac568fb84fae4af5e7852fc34f02eadc4e3e91f6c8989327692186",
                "sha256:896631cd40222aef3697e4e51177d14c3709fda49d30983269d584f034acc8a4",
                "sha256:970a4be7ec84ccda7c27cb4ae74930bbbd477bc8d849ed55ea798084dd5fca8c",
                "sha256:9939796abcadb2810a63dfb26ff8ca4595fe7dd70a3ceae7f607a2639b714307",
                "sha256:99a8071e351b50827ad976b92ed91845fb614ac67a3c41109b24f3d8bd3afada",
                "sha256:9c16fa267740d67883899e054cccb4279e002f3f4872873b752c1ba15045ff49",
                "sha256:a30e95274f5c0e007ccc759ec258aa5708c534ec058f153ee25ac700a2f1438b",
                "sha256:a74afd8d560eaafe0d9e3e1db8c06081282a05ca4de00ee416195085a79d7d3d",
                "sha256:b46a04588ceb7cf132568e0e564a854627ef87a1ed3bf536234540a79ced44b0",
                "sha256:b4963cf08f4320d98ae72ec7694291b8ab85cb7da3b0cd824bc32701bc992edf",
                "sha256:b50e481a4317a8efcfffcfddcd4c9b36eacba440440e70cbe0256aeb6fd6abae",
                "sha256:b85553699862c09937a7a5ea14ee6229087971a7d51ae97d5f4b407f571a2c17",
                "sha256:bcc98d397c3dea45d5b262029564b29cb8e945f2607a38bee6163694c0a8b4ef",
                "sha256:bed3a2a823a041e8d249b1a7ec132933e1505299329b5cfe1b2b5ec689ec7675",
                "sha256:bf6b4c0c723664f65c2a47c8cb6ebbf660b0b2e2d936adf2e8503d4e93359465",
                "sha256:bfd634cb9685161b2a51f73a7fc4736fd0d67a56632d52319317afaa27f08243",
                "sha256:c0d5ee865b5fd16bf62d72122aadcc90aab296c30c1adb0a32b4b66bd843163e",
                "sha256:c2b4eab7c12f9cb460509bc34a3b086f9802f0dba27c89a63df4123819ad64af",
                "sha256:c51568e94f7f232296de30002f2a50f77a7bd346673da3e4f2aaf9d2b833f2e5",
                "sha256:c5158616ab39d34b76c50f40c81552ee180598f7825dc7a66fd187d29958820f",
                "sha256:cdacddb18d55ffec42d1907079cdc04ec4fa8a990cdf5b9d9fe67d281fc0d12e",
                "sha256:ce763369e646e59e4ca2c09735cd1bdd3048d909ad5f2bc116e83166a9352f3c",
                "sha256:d45822b0a2a452327ab4f95efe368d234d5294bbf89a99968be27c7938a21108",
                "sha256:d8150579bf30cdf896906baf256aa200cd50dbe6e565c17d6fd3d678e21ff5de",
                "sha256:d88814befbd1433152c5f6dd536905149ba028d795a22555b149ae0a36024d9e",
                "sha256:dca5be83a6dfaf933a46e3bc2b9f2685e5ec61b22f6a38ad740aac9c16e9a0ff",
                "sha256:dd084459ecdb224e617e4ab3f1d5ebe4d1c48facb41f24952b76aa6ba9712bb0",
                "sha256:def9a01b73c9e27d70ea03b381fb3e7aadfac1f398dbd63751313c3a46747ef5",
                "sha256:df65f4b2b4e74977f0336bef12a88051ab24e6a16873cd9249f34d67cb3e345d",
                "sha256:dfe924e5a63861c82332a12adeeab955dc8c8009ddbbd80cc2fcca049ff89a49",
                "sha256:e67dcaa34dcd908fcccbf49194211d847c731b6ebaac661c1c889f1bf6af1e44",
                "sha256:eba62b7c21a33e72dd8adab2b92dd5610d8527f0b2ac28a8e0770e71b21a13f9",
                "sha256:ed9c91bf4ce614efed5388c3f989a7cfe08728ab871d995a486ea74ff88993db",
                "sha256:f05d311c937da03b0cd26ac3e14cb991f6ff8fc94f98b3df9713537817539795",
                "sha256:f1cc623fd6855b25da52b3275e0c9e51711b86a9dccc75f8c9ab4432fd8e42c7",
                "sha256:f670686d99c867d0f24b28ce8c6f02429c6eef5e2674aab287850d0ee2d20437",
                "sha256:f856652f9b533c6cd2b9ad6836a7fc0e43917d7ff15be46c5baf1350f8cdc5d9",
                "sha256:fb0458d74726937ead9e2effc91144aea5a58ecee9754242f8539a782bed685a"
            ],
            "index": "pypi",
            "markers": "python_version >= '3.7'",
            "version": "==1.0.5"
        },
        "cycler": {
            "hashes": [
                "sha256:3a27e95f763a428a739d2add979fa7494c912a32c17c4c38c4d5f082cad165a3",
                "sha256:9c87405839a19696e837b3b818fed3f5f69f16f1eec1a1ad77e043dcea9c772f"
            ],
            "index": "pypi",
            "markers": "python_version >= '3.6'",
            "version": "==0.11.0"
        },
        "dj-database-url": {
            "hashes": [
                "sha256:ccf3e8718f75ddd147a1e212fca88eecdaa721759ee48e38b485481c77bca3dc",
                "sha256:cd354a3b7a9136d78d64c17b2aec369e2ae5616fbca6bfbe435ef15bb372ce39"
            ],
            "index": "pypi",
            "version": "==1.0.0"
        },
        "django": {
            "hashes": [
                "sha256:59a13a6515f787dec9d97a0438cd2efac78c8aca1c80025244b0fe507fe0754b",
                "sha256:e0f6f12e2551b1716a95a63a1366ca91bbcd7be059862c1b18f989b1da356cdd"
            ],
            "index": "pypi",
            "markers": "python_version >= '3.10'",
            "version": "==5.2.7"
        },
        "django-heroku": {
            "hashes": [
                "sha256:2bc690aab89eedbe01311752320a9a12e7548e3b0ed102681acc5736a41a4762",
                "sha256:6af4bc3ae4a9b55eaad6dbe5164918982d2762661aebc9f83d9fa49f6009514e"
            ],
            "index": "pypi",
            "version": "==0.3.1"
        },
        "environs": {
            "hashes": [
                "sha256:1e549569a3de49c05f856f40bce86979e7d5ffbbc4398e7f338574c220189124",
                "sha256:a76307b36fbe856bdca7ee9161e6c466fd7fcffc297109a118c59b54e27e30c9"
            ],
            "index": "pypi",
            "markers": "python_version >= '3.6'",
            "version": "==9.5.0"
        },
        "et-xmlfile": {
            "hashes": [
                "sha256:8eb9e2bc2f8c97e37a2dc85a09ecdcdec9d8a396530a6d5a33b30b9a92da0c5c",
                "sha256:a2ba85d1d6a74ef63837eed693bcb89c3f752169b0e3e7ae5b16ca5e1b3deada"
            ],
            "index": "pypi",
            "markers": "python_version >= '3.6'",
            "version": "==1.1.0"
        },
        "fonttools": {
            "hashes": [
                "sha256:02569e9a810f9d11f4ae82c391ebc6fb5730d95a0657d24d754ed7763fb2d122",
                "sha256:0679a30b59d74b6242909945429dbddb08496935b82f91ea9bf6ad240ec23397",
                "sha256:10f5e6c3510b79ea27bb1ebfcc67048cde9ec67afa87c7dd7efa5c700491ac7f",
                "sha256:2af40ae9cdcb204fc1d8f26b190aa16534fcd4f0df756268df674a270eab575d",
                "sha256:32f029c095ad66c425b0ee85553d0dc326d45d7059dbc227330fc29b43e8ba60",
                "sha256:35250099b0cfb32d799fb5d6c651220a642fe2e3c7d2560490e6f1d3f9ae9169",
                "sha256:3b3c8ebafbee8d9002bd8f1195d09ed2bd9ff134ddec37ee8f6a6375e6a4f0e8",
                "sha256:4824c198f714ab5559c5be10fd1adf876712aa7989882a4ec887bf1ef3e00e31",
                "sha256:5ff7e5e9bad94e3a70c5cd2fa27f20b9bb9385e10cddab567b85ce5d306ea923",
                "sha256:651390c3b26b0c7d1f4407cad281ee7a5a85a31a110cbac5269de72a51551ba2",
                "sha256:6e08f572625a1ee682115223eabebc4c6a2035a6917eac6f60350aba297ccadb",
                "sha256:6ed170b5e17da0264b9f6fae86073be3db15fa1bd74061c8331022bca6d09bab",
                "sha256:73379d3ffdeecb376640cd8ed03e9d2d0e568c9d1a4e9b16504a834ebadc2dfb",
                "sha256:75a157d8d26c06e64ace9df037ee93a4938a4606a38cb7ffaf6635e60e253b7a",
                "sha256:791b31ebbc05197d7aa096bbc7bd76d591f05905d2fd908bf103af4488e60670",
                "sha256:7b6b35e52ddc8fb0db562133894e6ef5b4e54e1283dff606fda3eed938c36fc8",
                "sha256:84ec3fb43befb54be490147b4a922b5314e16372a643004f182babee9f9c3407",
                "sha256:8959a59de5af6d2bec27489e98ef25a397cfa1774b375d5787509c06659b3671",
                "sha256:9dfdae43b7996af46ff9da520998a32b105c7f098aeea06b2226b30e74fbba88",
                "sha256:9e6ceba2a01b448e36754983d376064730690401da1dd104ddb543519470a15f",
                "sha256:9efd176f874cb6402e607e4cc9b4a9cd584d82fc34a4b0c811970b32ba62501f",
                "sha256:a1c7c5aa18dd3b17995898b4a9b5929d69ef6ae2af5b96d585ff4005033d82f0",
                "sha256:aae7bd54187e8bf7fd69f8ab87b2885253d3575163ad4d669a262fe97f0136cb",
                "sha256:b21952c092ffd827504de7e66b62aba26fdb5f9d1e435c52477e6486e9d128b2",
                "sha256:b96cd370a61f4d083c9c0053bf634279b094308d52fdc2dd9a22d8372fdd590d",
                "sha256:becc5d7cb89c7b7afa8321b6bb3dbee0eec2b57855c90b3e9bf5fb816671fa7c",
                "sha256:bee32ea8765e859670c4447b0817514ca79054463b6b79784b08a8df3a4d78e3",
                "sha256:c6e7170d675d12eac12ad1a981d90f118c06cf680b42a2d74c6c931e54b50719",
                "sha256:c818c058404eb2bba05e728d38049438afd649e3c409796723dfc17cd3f08749",
                "sha256:c8696544c964500aa9439efb6761947393b70b17ef4e82d73277413f291260a4",
                "sha256:c9cd19cf4fe0595ebdd1d4915882b9440c3a6d30b008f3cc7587c1da7b95be5f",
                "sha256:d4d0096cb1ac7a77b3b41cd78c9b6bc4a400550e21dc7a92f2b5ab53ed74eb02",
                "sha256:d92d3c2a1b39631a6131c2fa25b5406855f97969b068e7e08413325bc0afba58",
                "sha256:da33440b1413bad53a8674393c5d29ce64d8c1a15ef8a77c642ffd900d07bfe1",
                "sha256:e013aae589c1c12505da64a7d8d023e584987e51e62006e1bb30d72f26522c41",
                "sha256:e128778a8e9bc11159ce5447f76766cefbd876f44bd79aff030287254e4752c4",
                "sha256:e54f1bba2f655924c1138bbc7fa91abd61f45c68bd65ab5ed985942712864bbb",
                "sha256:e5b708073ea3d684235648786f5f6153a48dc8762cdfe5563c57e80787c29fbb",
                "sha256:e8bf06b94694251861ba7fdeea15c8ec0967f84c3d4143ae9daf42bbc7717fe3",
                "sha256:f08df60fbd8d289152079a65da4e66a447efc1d5d5a4d3f299cdd39e3b2e4a7d",
                "sha256:f1f8758a2ad110bd6432203a344269f445a2907dc24ef6bccfd0ac4e14e0d71d",
                "sha256:f677ce218976496a587ab17140da141557beb91d2a5c1a14212c994093f2eae2"
            ],
            "index": "pypi",
            "markers": "python_version >= '3.8'",
            "version": "==4.53.1"
        },
        "gunicorn": {
            "hashes": [
                "sha256:ec400d38950de4dfd418cff8328b2c8faed0edb0d517d3394e457c317908ca4d",
                "sha256:f014447a0101dc57e294f6c18ca6b40227a4c90e9bdb586042628030cba004ec"
            ],
            "index": "pypi",
            "markers": "python_version >= '3.7'",
            "version": "==23.0.0"
        },
        "kiwisolver": {
            "hashes": [
                "sha256:02f79693ec433cb4b5f51694e8477ae83b3205768a6fb48ffba60549080e295b",
                "sha256:03baab2d6b4a54ddbb43bba1a3a2d1627e82d205c5cf8f4c924dc49284b87166",
                "sha256:1041feb4cda8708ce73bb4dcb9ce1ccf49d553bf87c3954bdfa46f0c3f77252c",
                "sha256:10ee06759482c78bdb864f4109886dff7b8a56529bc1609d4f1112b93fe6423c",
                "sha256:1d1573129aa0fd901076e2bfb4275a35f5b7aa60fbfb984499d661ec950320b0",
                "sha256:283dffbf061a4ec60391d51e6155e372a1f7a4f5b15d59c8505339454f8989e4",
                "sha256:28bc5b299f48150b5f822ce68624e445040595a4ac3d59251703779836eceff9",
                "sha256:2a66fdfb34e05b705620dd567f5a03f239a088d5a3f321e7b6ac3239d22aa286",
                "sha256:2e307eb9bd99801f82789b44bb45e9f541961831c7311521b13a6c85afc09767",
                "sha256:2e407cb4bd5a13984a6c2c0fe1845e4e41e96f183e5e5cd4d77a857d9693494c",
                "sha256:2f5e60fabb7343a836360c4f0919b8cd0d6dbf08ad2ca6b9cf90bf0c76a3c4f6",
                "sha256:36dafec3d6d6088d34e2de6b85f9d8e2324eb734162fba59d2ba9ed7a2043d5b",
                "sha256:3fe20f63c9ecee44560d0e7f116b3a747a5d7203376abeea292ab3152334d004",
                "sha256:41dae968a94b1ef1897cb322b39360a0812661dba7c682aa45098eb8e193dbdf",
                "sha256:4bd472dbe5e136f96a4b18f295d159d7f26fd399136f5b17b08c4e5f498cd494",
                "sha256:4ea39b0ccc4f5d803e3337dd46bcce60b702be4d86fd0b3d7531ef10fd99a1ac",
                "sha256:5853eb494c71e267912275e5586fe281444eb5e722de4e131cddf9d442615626",
                "sha256:5bce61af018b0cb2055e0e72e7d65290d822d3feee430b7b8203d8a855e78766",
                "sha256:6295ecd49304dcf3bfbfa45d9a081c96509e95f4b9d0eb7ee4ec0530c4a96514",
                "sha256:62ac9cc684da4cf1778d07a89bf5f81b35834cb96ca523d3a7fb32509380cbf6",
                "sha256:70e7c2e7b750585569564e2e5ca9845acfaa5da56ac46df68414f29fea97be9f",
                "sha256:7577c1987baa3adc4b3c62c33bd1118c3ef5c8ddef36f0f2c950ae0b199e100d",
                "sha256:75facbe9606748f43428fc91a43edb46c7ff68889b91fa31f53b58894503a191",
                "sha256:787518a6789009c159453da4d6b683f468ef7a65bbde796bcea803ccf191058d",
                "sha256:78d6601aed50c74e0ef02f4204da1816147a6d3fbdc8b3872d263338a9052c51",
                "sha256:7c43e1e1206cd421cd92e6b3280d4385d41d7166b3ed577ac20444b6995a445f",
                "sha256:81e38381b782cc7e1e46c4e14cd997ee6040768101aefc8fa3c24a4cc58e98f8",
                "sha256:841293b17ad704d70c578f1f0013c890e219952169ce8a24ebc063eecf775454",
                "sha256:872b8ca05c40d309ed13eb2e582cab0c5a05e81e987ab9c521bf05ad1d5cf5cb",
                "sha256:877272cf6b4b7e94c9614f9b10140e198d2186363728ed0f701c6eee1baec1da",
                "sha256:8c808594c88a025d4e322d5bb549282c93c8e1ba71b790f539567932722d7bd8",
                "sha256:8ed58b8acf29798b036d347791141767ccf65eee7f26bde03a71c944449e53de",
                "sha256:91672bacaa030f92fc2f43b620d7b337fd9a5af28b0d6ed3f77afc43c4a64b5a",
                "sha256:968f44fdbf6dd757d12920d63b566eeb4d5b395fd2d00d29d7ef00a00582aac9",
                "sha256:9f85003f5dfa867e86d53fac6f7e6f30c045673fa27b603c397753bebadc3008",
                "sha256:a553dadda40fef6bfa1456dc4be49b113aa92c2a9a9e8711e955618cd69622e3",
                "sha256:a68b62a02953b9841730db7797422f983935aeefceb1679f0fc85cbfbd311c32",
                "sha256:abbe9fa13da955feb8202e215c4018f4bb57469b1b78c7a4c5c7b93001699938",
                "sha256:ad881edc7ccb9d65b0224f4e4d05a1e85cf62d73aab798943df6d48ab0cd79a1",
                "sha256:b1792d939ec70abe76f5054d3f36ed5656021dcad1322d1cc996d4e54165cef9",
                "sha256:b428ef021242344340460fa4c9185d0b1f66fbdbfecc6c63eff4b7c29fad429d",
                "sha256:b533558eae785e33e8c148a8d9921692a9fe5aa516efbdff8606e7d87b9d5824",
                "sha256:ba59c92039ec0a66103b1d5fe588fa546373587a7d68f5c96f743c3396afc04b",
                "sha256:bc8d3bd6c72b2dd9decf16ce70e20abcb3274ba01b4e1c96031e0c4067d1e7cd",
                "sha256:bc9db8a3efb3e403e4ecc6cd9489ea2bac94244f80c78e27c31dcc00d2790ac2",
                "sha256:bf7d9fce9bcc4752ca4a1b80aabd38f6d19009ea5cbda0e0856983cf6d0023f5",
                "sha256:c2dbb44c3f7e6c4d3487b31037b1bdbf424d97687c1747ce4ff2895795c9bf69",
                "sha256:c79ebe8f3676a4c6630fd3f777f3cfecf9289666c84e775a67d1d358578dc2e3",
                "sha256:c97528e64cb9ebeff9701e7938653a9951922f2a38bd847787d4a8e498cc83ae",
                "sha256:d0611a0a2a518464c05ddd5a3a1a0e856ccc10e67079bb17f265ad19ab3c7597",
                "sha256:d06adcfa62a4431d404c31216f0f8ac97397d799cd53800e9d3efc2fbb3cf14e",
                "sha256:d41997519fcba4a1e46eb4a2fe31bc12f0ff957b2b81bac28db24744f333e955",
                "sha256:d5b61785a9ce44e5a4b880272baa7cf6c8f48a5180c3e81c59553ba0cb0821ca",
                "sha256:da152d8cdcab0e56e4f45eb08b9aea6455845ec83172092f09b0e077ece2cf7a",
                "sha256:da7e547706e69e45d95e116e6939488d62174e033b763ab1496b4c29b76fabea",
                "sha256:db5283d90da4174865d520e7366801a93777201e91e79bacbac6e6927cbceede",
                "sha256:db608a6757adabb32f1cfe6066e39b3706d8c3aa69bbc353a5b61edad36a5cb4",
                "sha256:e0ea21f66820452a3f5d1655f8704a60d66ba1191359b96541eaf457710a5fc6",
                "sha256:e7da3fec7408813a7cebc9e4ec55afed2d0fd65c4754bc376bf03498d4e92686",
                "sha256:e92a513161077b53447160b9bd8f522edfbed4bd9759e4c18ab05d7ef7e49408",
                "sha256:ecb1fa0db7bf4cff9dac752abb19505a233c7f16684c5826d1f11ebd9472b871",
                "sha256:efda5fc8cc1c61e4f639b8067d118e742b812c930f708e6667a5ce0d13499e29",
                "sha256:f0a1dbdb5ecbef0d34eb77e56fcb3e95bbd7e50835d9782a45df81cc46949750",
                "sha256:f0a71d85ecdd570ded8ac3d1c0f480842f49a40beb423bb8014539a9f32a5897",
                "sha256:f4f270de01dd3e129a72efad823da90cc4d6aafb64c410c9033aba70db9f1ff0",
                "sha256:f6cb459eea32a4e2cf18ba5fcece2dbdf496384413bc1bae15583f19e567f3b2",
                "sha256:f8ad8285b01b0d4695102546b342b493b3ccc6781fc28c8c6a1bb63e95d22f09",
                "sha256:f9f39e2f049db33a908319cf46624a569b36983c7c78318e9726a4cb8923b26c"
            ],
            "index": "pypi",
            "markers": "python_version >= '3.7'",
            "version": "==1.4.4"
        },
        "marshmallow": {
            "hashes": [
                "sha256:35e02a3a06899c9119b785c12a22f4cda361745d66a71ab691fd7610202ae104",
                "sha256:6804c16114f7fce1f5b4dadc31f4674af23317fcc7f075da21e35c1a35d781f7"
            ],
            "index": "pypi",
            "markers": "python_version >= '3.7'",
            "version": "==3.18.0"
        },
        "matplotlib": {
            "hashes": [
                "sha256:0958fc3fdc59c1b716ee1a5d14e73d03d541d873241a37c5c3a86f7ef6017923",
                "sha256:0ae1b9b555212c1e242666af80e7ed796705869581e2d749971db4e682ccc1f3",
                "sha256:11c1987b803cc2b26725659cfe817478f0a9597878e5c4bf374cfe4e12cbbd79",
                "sha256:140316427a7c384e3dd37efb3a73cd67e14b0b237a6d277def91227f43cdcec2",
                "sha256:1559213b803959a2b8309122585b5226d1c2fb66c933b1a2094cf1e99cb4fb90",
                "sha256:16a899b958dd76606b571bc7eaa38f09160c27dfb262e493584644cfd4a77f0f",
                "sha256:1739935d293d0348d7bf662e8cd0edb9c2aa8f20ccd646db755ce0f3456d24e4",
                "sha256:1a4835c177821f3729be27ae9be7b8ae209fe75e83db7d9b2bfd319a998f0a42",
                "sha256:2b60d4abcb6a405ca7d909c80791b00637d22c62aa3bb0ffff7e589f763867f5",
                "sha256:2ed779a896b70c8012fe301fb91ee37e713e1dda1eb8f37de04cdbf506706983",
                "sha256:3ec2edf7f74829eae287aa53d64d83ad5d43ee51d29fb1d88e689d8b36028312",
                "sha256:408bbf968c15e9e38df9f25a588e372e28a43240cf5884c9bc6039a5021b7d5b",
                "sha256:4699bb671dbc4afdb544eb893e4deb8a34e294b7734733f65b4fd2787ba5fbc6",
                "sha256:4eba6972b796d97c8fcc5266b6dc42ef27c2dce4421b846cded0f3af851b81c9",
                "sha256:51092d13499be72e47c15c3a1ae0209edaca6be42b65ffbbefbe0c85f6153c6f",
                "sha256:62319d57dab5ad3e3494dd97a214e22079d3f72a0c8a2fd001829c2c6abbf8d1",
                "sha256:657fb7712185f82211170ac4debae0800ed4f5992b8f7ebba2a9eabaf133a857",
                "sha256:66a0db13f77aa7806dba29273874cf862450c61c2e5158245d17ee85d983fe8e",
                "sha256:6b98e098549d3aea2bfb93f38f0b2ecadcb423fa1504bbff902c01efdd833fd8",
                "sha256:7127e2b94571318531caf098dc9e8f60f5aba1704600f0b2483bf151d535674a",
                "sha256:798559837156b8e2e2df97cffca748c5c1432af6ec5004c2932e475d813f1743",
                "sha256:802feae98addb9f21707649a7f229c90a59fad34511881f20b906a5e8e6ea475",
                "sha256:89e1978c3fbe4e3d4c6ad7db7e6f982607cb2546f982ccbe42708392437b1972",
                "sha256:9295ca10a140c21e40d2ee43ef423213dc20767f6cea6b87c36973564bc51095",
                "sha256:9711ef291e184b5a73c9d3af3f2d5cfe25d571c8dd95aa498415f74ac7e221a8",
                "sha256:b0320f882214f6ffde5992081520b57b55450510bdaa020e96aacff9b7ae10e6",
                "sha256:b5bd3b3ff191f81509d9a1afd62e1e3cda7a7889c35b5b6359a1241fe1511015",
                "sha256:baa19508d8445f5648cd1ffe4fc6d4f7daf8b876f804e9a453df6c3708f6200b",
                "sha256:c5108ebe67da60a9204497d8d403316228deb52b550388190c53a57394d41531",
                "sha256:ccea337fb9a44866c5300c594b13d4d87e827ebc3c353bff15d298bac976b654",
                "sha256:cd73a16a759865831be5a8fb6546f2a908c8d7d7f55c75f94ee7c2ca13cc95de",
                "sha256:d840712f4b4c7d2a119f993d7e43ca9bcaa73aeaa24c322fa2bdf4f689a3ee09",
                "sha256:df26a09d955b3ab9b6bc18658b9403ed839096c97d7abe8806194e228a485a3c",
                "sha256:e01382c06ac3710155a0ca923047c5abe03c676d08f03e146c6a240d0a910713",
                "sha256:e572c67958f7d55eae77f5f64dc7bd31968cc9f24c233926833efe63c60545f2",
                "sha256:eca6f59cd0729edaeaa7032d582dffce518a420d4961ef3e8c93dce86be352c3",
                "sha256:efd2e12f8964f8fb4ba1984df71d85d02ef0531e687e59f78ec8fc07271a3857",
                "sha256:efe9e8037b989b14bb1887089ae763385431cc06fe488406413079cfd2a3a089",
                "sha256:f0d5b9b14ccc7f539143ac9eb1c6b57d26d69ca52d30c3d719a7bc4123579e44",
                "sha256:f1954d71cdf15c19e7f3bf2235a4fe1600ba42f34d472c9495bcf54d75a43e4e",
                "sha256:fbbceb0a0dfe9213f6314510665a32ef25fe29b50657567cd00115fbfcb3b20d"
            ],
            "index": "pypi",
            "markers": "python_version >= '3.8'",
            "version": "==3.6.0"
        },
        "numpy": {
            "hashes": [
                "sha256:004f0efcb2fe1c0bd6ae1fcfc69cc8b6bf2407e0f18be308612007a0762b4089",
                "sha256:09f6b7bdffe57fc61d869a22f506049825d707b288039d30f26a0d0d8ea05164",
                "sha256:0ea3f98a0ffce3f8f57675eb9119f3f4edb81888b6874bc1953f91e0b1d4f440",
                "sha256:17c0e467ade9bda685d5ac7f5fa729d8d3e76b23195471adae2d6a6941bd2c18",
                "sha256:1f27b5322ac4067e67c8f9378b41c746d8feac8bdd0e0ffede5324667b8a075c",
                "sha256:22d43376ee0acd547f3149b9ec12eec2f0ca4a6ab2f61753c5b29bb3e795ac4d",
                "sha256:2ad3ec9a748a8943e6eb4358201f7e1c12ede35f510b1a2221b70af4bb64295c",
                "sha256:301c00cf5e60e08e04d842fc47df641d4a181e651c7135c50dc2762ffe293dbd",
                "sha256:39a664e3d26ea854211867d20ebcc8023257c1800ae89773cbba9f9e97bae036",
                "sha256:51bf49c0cd1d52be0a240aa66f3458afc4b95d8993d2d04f0d91fa60c10af6cd",
                "sha256:78a63d2df1d947bd9d1b11d35564c2f9e4b57898aae4626638056ec1a231c40c",
                "sha256:7cd1328e5bdf0dee621912f5833648e2daca72e3839ec1d6695e91089625f0b4",
                "sha256:8355fc10fd33a5a70981a5b8a0de51d10af3688d7a9e4a34fcc8fa0d7467bb7f",
                "sha256:8c79d7cf86d049d0c5089231a5bcd31edb03555bd93d81a16870aa98c6cfb79d",
                "sha256:91b8d6768a75247026e951dce3b2aac79dc7e78622fc148329135ba189813584",
                "sha256:94c15ca4e52671a59219146ff584488907b1f9b3fc232622b47e2cf832e94fb8",
                "sha256:98dcbc02e39b1658dc4b4508442a560fe3ca5ca0d989f0df062534e5ca3a5c1a",
                "sha256:a64403f634e5ffdcd85e0b12c08f04b3080d3e840aef118721021f9b48fc1460",
                "sha256:bc6e8da415f359b578b00bcfb1d08411c96e9a97f9e6c7adada554a0812a6cc6",
                "sha256:bdc9febce3e68b697d931941b263c59e0c74e8f18861f4064c1f712562903411",
                "sha256:c1ba66c48b19cc9c2975c0d354f24058888cdc674bebadceb3cdc9ec403fb5d1",
                "sha256:c9f707b5bb73bf277d812ded9896f9512a43edff72712f31667d0a8c2f8e71ee",
                "sha256:d5422d6a1ea9b15577a9432e26608c73a78faf0b9039437b075cf322c92e98e7",
                "sha256:e5d5420053bbb3dd64c30e58f9363d7a9c27444c3648e61460c1237f9ec3fa14",
                "sha256:e868b0389c5ccfc092031a861d4e158ea164d8b7fdbb10e3b5689b4fc6498df6",
                "sha256:efd9d3abe5774404becdb0748178b48a218f1d8c44e0375475732211ea47c67e",
                "sha256:f8c02ec3c4c4fcb718fdf89a6c6f709b14949408e8cf2a2be5bfa9c49548fd85",
                "sha256:ffcf105ecdd9396e05a8e58e81faaaf34d3f9875f137c7372450baa5d77c9a54"
            ],
            "index": "pypi",
            "markers": "python_version >= '3.8'",
            "version": "==1.23.3"
        },
        "opencv-python-headless": {
            "hashes": [
                "sha256:377d08a7e48a1405b5e84afcbe4798464ce7ee17081c1c23619c8b398ff18295",
                "sha256:46071015ff9ab40fccd8a163da0ee14ce9846349f06c6c8c0f2870856ffa45db",
                "sha256:5ae454ebac0eb0a0b932e3406370aaf4212e6a3fdb5038cc86c7aea15a6851da",
                "sha256:9092404b65458ed87ce932f613ffbb1106ed2c843577501e5768912360fc50ec",
                "sha256:a4f4bcb07d8f8a7704d9c8564c224c8b064c63f430e95b61ac0bffaa374d330e",
                "sha256:afcf28bd1209dd58810d33defb622b325d3cbe49dcd7a43a902982c33e5fad05",
                "sha256:f2017c6101d7c2ef8d7bc3b414c37ff7f54d64413a1847d89970b6b7069b4e1a"
            ],
            "index": "pypi",
            "markers": "python_version >= '3.6'",
            "version": "==4.10.0.84"
        },
        "openpyxl": {
            "hashes": [
                "sha256:0ab6d25d01799f97a9464630abacbb34aafecdcaa0ef3cba6d6b3499867d0355",
                "sha256:e47805627aebcf860edb4edf7987b1309c1b3632f3750538ed962bbcc3bd7449"
            ],
            "index": "pypi",
            "markers": "python_version >= '3.6'",
            "version": "==3.0.10"
        },
        "packaging": {
            "hashes": [
                "sha256:dd47c42927d89ab911e606518907cc2d3a1f38bbd026385970643f9c5b8ecfeb",
                "sha256:ef103e05f519cdc783ae24ea4e2e0f508a9c99b2d4969652eed6a2e1ea5bd522"
            ],
            "index": "pypi",
            "markers": "python_version >= '3.6'",
            "version": "==21.3"
        },
        "pandas": {
            "hashes": [
                "sha256:0d8d7433d19bfa33f11c92ad9997f15a902bda4f5ad3a4814a21d2e910894484",
                "sha256:1642fc6138b4e45d57a12c1b464a01a6d868c0148996af23f72dde8d12486bbc",
                "sha256:171cef540bfcec52257077816a4dbbac152acdb8236ba11d3196ae02bf0959d8",
                "sha256:1b82ccc7b093e0a93f8dffd97a542646a3e026817140e2c01266aaef5fdde11b",
                "sha256:1d34b1f43d9e3f4aea056ba251f6e9b143055ebe101ed04c847b41bb0bb4a989",
                "sha256:207d63ac851e60ec57458814613ef4b3b6a5e9f0b33c57623ba2bf8126c311f8",
                "sha256:2504c032f221ef9e4a289f5e46a42b76f5e087ecb67d62e342ccbba95a32a488",
                "sha256:33a9d9e21ab2d91e2ab6e83598419ea6a664efd4c639606b299aae8097c1c94f",
                "sha256:3ee61b881d2f64dd90c356eb4a4a4de75376586cd3c9341c6c0fcaae18d52977",
                "sha256:41aec9f87455306496d4486df07c1b98c15569c714be2dd552a6124cd9fda88f",
                "sha256:4e30a31039574d96f3d683df34ccb50bb435426ad65793e42a613786901f6761",
                "sha256:5cc47f2ebaa20ef96ae72ee082f9e101b3dfbf74f0e62c7a12c0b075a683f03c",
                "sha256:62e61003411382e20d7c2aec1ee8d7c86c8b9cf46290993dd8a0a3be44daeb38",
                "sha256:73844e247a7b7dac2daa9df7339ecf1fcf1dfb8cbfd11e3ffe9819ae6c31c515",
                "sha256:85a516a7f6723ca1528f03f7851fa8d0360d1d6121cf15128b290cf79b8a7f6a",
                "sha256:86d87279ebc5bc20848b4ceb619073490037323f80f515e0ec891c80abad958a",
                "sha256:8a4fc04838615bf0a8d3a03ed68197f358054f0df61f390bcc64fbe39e3d71ec",
                "sha256:8e8e5edf97d8793f51d258c07c629bd49d271d536ce15d66ac00ceda5c150eb3",
                "sha256:947ed9f896ee61adbe61829a7ae1ade493c5a28c66366ec1de85c0642009faac",
                "sha256:a68a9b9754efff364b0c5ee5b0f18e15ca640c01afe605d12ba8b239ca304d6b",
                "sha256:c76f1d104844c5360c21d2ef0e1a8b2ccf8b8ebb40788475e255b9462e32b2be",
                "sha256:c7f38d91f21937fe2bec9449570d7bf36ad7136227ef43b321194ec249e2149d",
                "sha256:de34636e2dc04e8ac2136a8d3c2051fd56ebe9fd6cd185581259330649e73ca9",
                "sha256:e178ce2d7e3b934cf8d01dc2d48d04d67cb0abfaffdcc8aa6271fd5a436f39c8",
                "sha256:e252a9e49b233ff96e2815c67c29702ac3a062098d80a170c506dff3470fd060",
                "sha256:e9c5049333c5bebf993033f4bf807d163e30e8fada06e1da7fa9db86e2392009",
                "sha256:fc987f7717e53d372f586323fff441263204128a1ead053c1b98d7288f836ac9"
            ],
            "index": "pypi",
            "markers": "python_version >= '3.8'",
            "version": "==1.5.0"
        },
        "pillow": {
            "hashes": [
                "sha256:02a2be69f9c9b8c1e97cf2713e789d4e398c751ecfd9967c18d0ce304efbf885",
                "sha256:030abdbe43ee02e0de642aee345efa443740aa4d828bfe8e2eb11922ea6a21ea",
                "sha256:06b2f7898047ae93fad74467ec3d28fe84f7831370e3c258afa533f81ef7f3df",
                "sha256:0755ffd4a0c6f267cccbae2e9903d95477ca2f77c4fcf3a3a09570001856c8a5",
                "sha256:0a9ec697746f268507404647e531e92889890a087e03681a3606d9b920fbee3c",
                "sha256:0ae24a547e8b711ccaaf99c9ae3cd975470e1a30caa80a6aaee9a2f19c05701d",
                "sha256:134ace6dc392116566980ee7436477d844520a26a4b1bd4053f6f47d096997fd",
                "sha256:166c1cd4d24309b30d61f79f4a9114b7b2313d7450912277855ff5dfd7cd4a06",
                "sha256:1b5dea9831a90e9d0721ec417a80d4cbd7022093ac38a568db2dd78363b00908",
                "sha256:1d846aea995ad352d4bdcc847535bd56e0fd88d36829d2c90be880ef1ee4668a",
                "sha256:1ef61f5dd14c300786318482456481463b9d6b91ebe5ef12f405afbba77ed0be",
                "sha256:297e388da6e248c98bc4a02e018966af0c5f92dfacf5a5ca22fa01cb3179bca0",
                "sha256:298478fe4f77a4408895605f3482b6cc6222c018b2ce565c2b6b9c354ac3229b",
                "sha256:29dbdc4207642ea6aad70fbde1a9338753d33fb23ed6956e706936706f52dd80",
                "sha256:2db98790afc70118bd0255c2eeb465e9767ecf1f3c25f9a1abb8ffc8cfd1fe0a",
                "sha256:32cda9e3d601a52baccb2856b8ea1fc213c90b340c542dcef77140dfa3278a9e",
                "sha256:37fb69d905be665f68f28a8bba3c6d3223c8efe1edf14cc4cfa06c241f8c81d9",
                "sha256:416d3a5d0e8cfe4f27f574362435bc9bae57f679a7158e0096ad2beb427b8696",
                "sha256:43efea75eb06b95d1631cb784aa40156177bf9dd5b4b03ff38979e048258bc6b",
                "sha256:4b35b21b819ac1dbd1233317adeecd63495f6babf21b7b2512d244ff6c6ce309",
                "sha256:4d9667937cfa347525b319ae34375c37b9ee6b525440f3ef48542fcf66f2731e",
                "sha256:5161eef006d335e46895297f642341111945e2c1c899eb406882a6c61a4357ab",
                "sha256:543f3dc61c18dafb755773efc89aae60d06b6596a63914107f75459cf984164d",
                "sha256:551d3fd6e9dc15e4c1eb6fc4ba2b39c0c7933fa113b220057a34f4bb3268a060",
                "sha256:59291fb29317122398786c2d44427bbd1a6d7ff54017075b22be9d21aa59bd8d",
                "sha256:5b001114dd152cfd6b23befeb28d7aee43553e2402c9f159807bf55f33af8a8d",
                "sha256:5b4815f2e65b30f5fbae9dfffa8636d992d49705723fe86a3661806e069352d4",
                "sha256:5dc6761a6efc781e6a1544206f22c80c3af4c8cf461206d46a1e6006e4429ff3",
                "sha256:5e84b6cc6a4a3d76c153a6b19270b3526a5a8ed6b09501d3af891daa2a9de7d6",
                "sha256:6209bb41dc692ddfee4942517c19ee81b86c864b626dbfca272ec0f7cff5d9fb",
                "sha256:673655af3eadf4df6b5457033f086e90299fdd7a47983a13827acf7459c15d94",
                "sha256:6c762a5b0997f5659a5ef2266abc1d8851ad7749ad9a6a5506eb23d314e4f46b",
                "sha256:7086cc1d5eebb91ad24ded9f58bec6c688e9f0ed7eb3dbbf1e4800280a896496",
                "sha256:73664fe514b34c8f02452ffb73b7a92c6774e39a647087f83d67f010eb9a0cf0",
                "sha256:76a911dfe51a36041f2e756b00f96ed84677cdeb75d25c767f296c1c1eda1319",
                "sha256:780c072c2e11c9b2c7ca37f9a2ee8ba66f44367ac3e5c7832afcfe5104fd6d1b",
                "sha256:7928ecbf1ece13956b95d9cbcfc77137652b02763ba384d9ab508099a2eca856",
                "sha256:7970285ab628a3779aecc35823296a7869f889b8329c16ad5a71e4901a3dc4ef",
                "sha256:7a8d4bade9952ea9a77d0c3e49cbd8b2890a399422258a77f357b9cc9be8d680",
                "sha256:7c1ee6f42250df403c5f103cbd2768a28fe1a0ea1f0f03fe151c8741e1469c8b",
                "sha256:7dfecdbad5c301d7b5bde160150b4db4c659cee2b69589705b6f8a0c509d9f42",
                "sha256:812f7342b0eee081eaec84d91423d1b4650bb9828eb53d8511bcef8ce5aecf1e",
                "sha256:866b6942a92f56300012f5fbac71f2d610312ee65e22f1aa2609e491284e5597",
                "sha256:86dcb5a1eb778d8b25659d5e4341269e8590ad6b4e8b44d9f4b07f8d136c414a",
                "sha256:87dd88ded2e6d74d31e1e0a99a726a6765cda32d00ba72dc37f0651f306daaa8",
                "sha256:8bc1a764ed8c957a2e9cacf97c8b2b053b70307cf2996aafd70e91a082e70df3",
                "sha256:8d4d5063501b6dd4024b8ac2f04962d661222d120381272deea52e3fc52d3736",
                "sha256:8f0aef4ef59694b12cadee839e2ba6afeab89c0f39a3adc02ed51d109117b8da",
                "sha256:930044bb7679ab003b14023138b50181899da3f25de50e9dbee23b61b4de2126",
                "sha256:950be4d8ba92aca4b2bb0741285a46bfae3ca699ef913ec8416c1b78eadd64cd",
                "sha256:961a7293b2457b405967af9c77dcaa43cc1a8cd50d23c532e62d48ab6cdd56f5",
                "sha256:9b885f89040bb8c4a1573566bbb2f44f5c505ef6e74cec7ab9068c900047f04b",
                "sha256:9f4727572e2918acaa9077c919cbbeb73bd2b3ebcfe033b72f858fc9fbef0026",
                "sha256:a02364621fe369e06200d4a16558e056fe2805d3468350df3aef21e00d26214b",
                "sha256:a985e028fc183bf12a77a8bbf36318db4238a3ded7fa9df1b9a133f1cb79f8fc",
                "sha256:ac1452d2fbe4978c2eec89fb5a23b8387aba707ac72810d9490118817d9c0b46",
                "sha256:b15e02e9bb4c21e39876698abf233c8c579127986f8207200bc8a8f6bb27acf2",
                "sha256:b2724fdb354a868ddf9a880cb84d102da914e99119211ef7ecbdc613b8c96b3c",
                "sha256:bbc527b519bd3aa9d7f429d152fea69f9ad37c95f0b02aebddff592688998abe",
                "sha256:bcd5e41a859bf2e84fdc42f4edb7d9aba0a13d29a2abadccafad99de3feff984",
                "sha256:bd2880a07482090a3bcb01f4265f1936a903d70bc740bfcb1fd4e8a2ffe5cf5a",
                "sha256:bee197b30783295d2eb680b311af15a20a8b24024a19c3a26431ff83eb8d1f70",
                "sha256:bf2342ac639c4cf38799a44950bbc2dfcb685f052b9e262f446482afaf4bffca",
                "sha256:c76e5786951e72ed3686e122d14c5d7012f16c8303a674d18cdcd6d89557fc5b",
                "sha256:cbed61494057c0f83b83eb3a310f0bf774b09513307c434d4366ed64f4128a91",
                "sha256:cfdd747216947628af7b259d274771d84db2268ca062dd5faf373639d00113a3",
                "sha256:d7480af14364494365e89d6fddc510a13e5a2c3584cb19ef65415ca57252fb84",
                "sha256:dbc6ae66518ab3c5847659e9988c3b60dc94ffb48ef9168656e0019a93dbf8a1",
                "sha256:dc3e2db6ba09ffd7d02ae9141cfa0ae23393ee7687248d46a7507b75d610f4f5",
                "sha256:dfe91cb65544a1321e631e696759491ae04a2ea11d36715eca01ce07284738be",
                "sha256:e4d49b85c4348ea0b31ea63bc75a9f3857869174e2bf17e7aba02945cd218e6f",
                "sha256:e4db64794ccdf6cb83a59d73405f63adbe2a1887012e308828596100a0b2f6cc",
                "sha256:e553cad5179a66ba15bb18b353a19020e73a7921296a7979c4a2b7f6a5cd57f9",
                "sha256:e88d5e6ad0d026fba7bdab8c3f225a69f063f116462c49892b0149e21b6c0a0e",
                "sha256:ecd85a8d3e79cd7158dec1c9e5808e821feea088e2f69a974db5edf84dc53141",
                "sha256:f5b92f4d70791b4a67157321c4e8225d60b119c5cc9aee8ecf153aace4aad4ef",
                "sha256:f5f0c3e969c8f12dd2bb7e0b15d5c468b51e5017e01e2e867335c81903046a22",
                "sha256:f7baece4ce06bade126fb84b8af1c33439a76d8a6fd818970215e0560ca28c27",
                "sha256:ff25afb18123cea58a591ea0244b92eb1e61a1fd497bf6d6384f09bc3262ec3e",
                "sha256:ff337c552345e95702c5fde3158acb0625111017d0e5f24bf3acdb9cc16b90d1"
            ],
            "index": "pypi",
            "markers": "python_version >= '3.8'",
            "version": "==10.4.0"
        },
        "psycopg2": {
            "hashes": [
                "sha256:121081ea2e76729acfb0673ff33755e8703d45e926e416cb59bae3a86c6a4981",
                "sha256:38a8dcc6856f569068b47de286b472b7c473ac7977243593a288ebce0dc89516",
                "sha256:426f9f29bde126913a20a96ff8ce7d73fd8a216cfb323b1f04da402d452853c3",
                "sha256:5e0d98cade4f0e0304d7d6f25bbfbc5bd186e07b38eac65379309c4ca3193efa",
                "sha256:7e2dacf8b009a1c1e843b5213a87f7c544b2b042476ed7755be813eaf4e8347a",
                "sha256:a7653d00b732afb6fc597e29c50ad28087dcb4fbfb28e86092277a559ae4e693",
                "sha256:ade01303ccf7ae12c356a5e10911c9e1c51136003a9a1d92f7aa9d010fb98372",
                "sha256:bac58c024c9922c23550af2a581998624d6e02350f4ae9c5f0bc642c633a2d5e",
                "sha256:c92811b2d4c9b6ea0285942b2e7cac98a59e166d59c588fe5cfe1eda58e72d59",
                "sha256:d1454bde93fb1e224166811694d600e746430c006fbb031ea06ecc2ea41bf156",
                "sha256:d735786acc7dd25815e89cc4ad529a43af779db2e25aa7c626de864127e5a024",
                "sha256:de80739447af31525feddeb8effd640782cf5998e1a4e9192ebdf829717e3913",
                "sha256:ff432630e510709564c01dafdbe996cb552e0b9f3f065eb89bdce5bd31fabf4c"
            ],
            "index": "pypi",
            "markers": "python_version >= '3.7'",
            "version": "==2.9.9"
        },
        "psycopg2-binary": {
            "hashes": [
                "sha256:01310cf4cf26db9aea5158c217caa92d291f0500051a6469ac52166e1a16f5b7",
                "sha256:083a55275f09a62b8ca4902dd11f4b33075b743cf0d360419e2051a8a5d5ff76",
                "sha256:090f3348c0ab2cceb6dfbe6bf721ef61262ddf518cd6cc6ecc7d334996d64efa",
                "sha256:0a29729145aaaf1ad8bafe663131890e2111f13416b60e460dae0a96af5905c9",
                "sha256:0c9d5450c566c80c396b7402895c4369a410cab5a82707b11aee1e624da7d004",
                "sha256:10bb90fb4d523a2aa67773d4ff2b833ec00857f5912bafcfd5f5414e45280fb1",
                "sha256:12b11322ea00ad8db8c46f18b7dfc47ae215e4df55b46c67a94b4effbaec7094",
                "sha256:152f09f57417b831418304c7f30d727dc83a12761627bb826951692cc6491e57",
                "sha256:15803fa813ea05bef089fa78835118b5434204f3a17cb9f1e5dbfd0b9deea5af",
                "sha256:15c4e4cfa45f5a60599d9cec5f46cd7b1b29d86a6390ec23e8eebaae84e64554",
                "sha256:183a517a3a63503f70f808b58bfbf962f23d73b6dccddae5aa56152ef2bcb232",
                "sha256:1f14c8b0942714eb3c74e1e71700cbbcb415acbc311c730370e70c578a44a25c",
                "sha256:1f6b813106a3abdf7b03640d36e24669234120c72e91d5cbaeb87c5f7c36c65b",
                "sha256:280b0bb5cbfe8039205c7981cceb006156a675362a00fe29b16fbc264e242834",
                "sha256:2d872e3c9d5d075a2e104540965a1cf898b52274a5923936e5bfddb58c59c7c2",
                "sha256:2f2534ab7dc7e776a263b463a16e189eb30e85ec9bbe1bff9e78dae802608932",
                "sha256:2f9ffd643bc7349eeb664eba8864d9e01f057880f510e4681ba40a6532f93c71",
                "sha256:3303f8807f342641851578ee7ed1f3efc9802d00a6f83c101d21c608cb864460",
                "sha256:35168209c9d51b145e459e05c31a9eaeffa9a6b0fd61689b48e07464ffd1a83e",
                "sha256:3a79d622f5206d695d7824cbf609a4f5b88ea6d6dab5f7c147fc6d333a8787e4",
                "sha256:404224e5fef3b193f892abdbf8961ce20e0b6642886cfe1fe1923f41aaa75c9d",
                "sha256:46f0e0a6b5fa5851bbd9ab1bc805eef362d3a230fbdfbc209f4a236d0a7a990d",
                "sha256:47133f3f872faf28c1e87d4357220e809dfd3fa7c64295a4a148bcd1e6e34ec9",
                "sha256:526ea0378246d9b080148f2d6681229f4b5964543c170dd10bf4faaab6e0d27f",
                "sha256:53293533fcbb94c202b7c800a12c873cfe24599656b341f56e71dd2b557be063",
                "sha256:539b28661b71da7c0e428692438efbcd048ca21ea81af618d845e06ebfd29478",
                "sha256:57804fc02ca3ce0dbfbef35c4b3a4a774da66d66ea20f4bda601294ad2ea6092",
                "sha256:63638d875be8c2784cfc952c9ac34e2b50e43f9f0a0660b65e2a87d656b3116c",
                "sha256:6472a178e291b59e7f16ab49ec8b4f3bdada0a879c68d3817ff0963e722a82ce",
                "sha256:68641a34023d306be959101b345732360fc2ea4938982309b786f7be1b43a4a1",
                "sha256:6e82d38390a03da28c7985b394ec3f56873174e2c88130e6966cb1c946508e65",
                "sha256:761df5313dc15da1502b21453642d7599d26be88bff659382f8f9747c7ebea4e",
                "sha256:7af0dd86ddb2f8af5da57a976d27cd2cd15510518d582b478fbb2292428710b4",
                "sha256:7b1e9b80afca7b7a386ef087db614faebbf8839b7f4db5eb107d0f1a53225029",
                "sha256:874a52ecab70af13e899f7847b3e074eeb16ebac5615665db33bce8a1009cf33",
                "sha256:887dd9aac71765ac0d0bac1d0d4b4f2c99d5f5c1382d8b770404f0f3d0ce8a39",
                "sha256:8b344adbb9a862de0c635f4f0425b7958bf5a4b927c8594e6e8d261775796d53",
                "sha256:8fc53f9af09426a61db9ba357865c77f26076d48669f2e1bb24d85a22fb52307",
                "sha256:91920527dea30175cc02a1099f331aa8c1ba39bf8b7762b7b56cbf54bc5cce42",
                "sha256:93cd1967a18aa0edd4b95b1dfd554cf15af657cb606280996d393dadc88c3c35",
                "sha256:99485cab9ba0fa9b84f1f9e1fef106f44a46ef6afdeec8885e0b88d0772b49e8",
                "sha256:9d29409b625a143649d03d0fd7b57e4b92e0ecad9726ba682244b73be91d2fdb",
                "sha256:a29b3ca4ec9defec6d42bf5feb36bb5817ba3c0230dd83b4edf4bf02684cd0ae",
                "sha256:a9e1f75f96ea388fbcef36c70640c4efbe4650658f3d6a2967b4cc70e907352e",
                "sha256:accfe7e982411da3178ec690baaceaad3c278652998b2c45828aaac66cd8285f",
                "sha256:adf20d9a67e0b6393eac162eb81fb10bc9130a80540f4df7e7355c2dd4af9fba",
                "sha256:af9813db73395fb1fc211bac696faea4ca9ef53f32dc0cfa27e4e7cf766dcf24",
                "sha256:b1c8068513f5b158cf7e29c43a77eb34b407db29aca749d3eb9293ee0d3103ca",
                "sha256:b3a24a1982ae56461cc24f6680604fffa2c1b818e9dc55680da038792e004d18",
                "sha256:bda845b664bb6c91446ca9609fc69f7db6c334ec5e4adc87571c34e4f47b7ddb",
                "sha256:c381bda330ddf2fccbafab789d83ebc6c53db126e4383e73794c74eedce855ef",
                "sha256:c3ae8e75eb7160851e59adc77b3a19a976e50622e44fd4fd47b8b18208189d42",
                "sha256:d1c1b569ecafe3a69380a94e6ae09a4789bbb23666f3d3a08d06bbd2451f5ef1",
                "sha256:def68d7c21984b0f8218e8a15d514f714d96904265164f75f8d3a70f9c295667",
                "sha256:dffc08ca91c9ac09008870c9eb77b00a46b3378719584059c034b8945e26b272",
                "sha256:e3699852e22aa68c10de06524a3721ade969abf382da95884e6a10ff798f9281",
                "sha256:e6aa71ae45f952a2205377773e76f4e3f27951df38e69a4c95440c779e013560",
                "sha256:e847774f8ffd5b398a75bc1c18fbb56564cda3d629fe68fd81971fece2d3c67e",
                "sha256:ffb7a888a047696e7f8240d649b43fb3644f14f0ee229077e7f6b9f9081635bd"
            ],
            "index": "pypi",
            "markers": "python_version >= '3.6'",
            "version": "==2.9.3"
        },
        "pyparsing": {
            "hashes": [
                "sha256:2b020ecf7d21b687f219b71ecad3631f644a47f01403fa1d1036b0c6416d70fb",
                "sha256:5026bae9a10eeaefb61dab2f09052b9f4307d44aee4eda64b309723d8d206bbc"
            ],
            "index": "pypi",
            "markers": "python_full_version >= '3.6.8'",
            "version": "==3.0.9"
        },
        "python-dateutil": {
            "hashes": [
                "sha256:0123cacc1627ae19ddf3c27a5de5bd67ee4586fbdd6440d9748f8abb483d3e86",
                "sha256:961d03dc3453ebbc59dbdea9e4e11c5651520a876d0f4db161e8674aae935da9"
            ],
            "index": "pypi",
            "markers": "python_version >= '2.7' and python_version not in '3.0, 3.1, 3.2, 3.3'",
            "version": "==2.8.2"
        },
        "python-dotenv": {
            "hashes": [
                "sha256:1684eb44636dd462b66c3ee016599815514527ad99965de77f43e0944634a7e5",
                "sha256:b77d08274639e3d34145dfa6c7008e66df0f04b7be7a75fd0d5292c191d79045"
            ],
            "index": "pypi",
            "markers": "python_version >= '3.7'",
            "version": "==0.21.0"
        },
        "pytz": {
            "hashes": [
                "sha256:220f481bdafa09c3955dfbdddb7b57780e9a94f5127e35456a48589b9e0c0197",
                "sha256:cea221417204f2d1a2aa03ddae3e867921971d0d76f14d87abb4414415bbdcf5"
            ],
            "index": "pypi",
            "version": "==2022.2.1"
        },
        "six": {
            "hashes": [
                "sha256:1e61c37477a1626458e36f7b1d82aa5c9b094fa4802892072e49de9c60c4c926",
                "sha256:8abb2f1d86890a2dfb989f9a77cfcfd3e47c2a354b01111771326f8aa26e0254"
            ],
            "index": "pypi",
            "markers": "python_version >= '2.7' and python_version not in '3.0, 3.1, 3.2, 3.3'",
            "version": "==1.16.0"
        },
        "sqlparse": {
            "hashes": [
                "sha256:773dcbf9a5ab44a090f3441e2180efe2560220203dc2f8c0b0fa141e18b505e4",
                "sha256:bb6b4df465655ef332548e24f08e205afc81b9ab86cb1c45657a7ff173a3a00e"
            ],
            "index": "pypi",
            "markers": "python_version >= '3.8'",
            "version": "==0.5.1"
        },
        "typing-extensions": {
            "hashes": [
                "sha256:04e5ca0351e0f3f85c6853954072df659d0d13fac324d0072316b67d7794700d",
                "sha256:1a7ead55c7e559dd4dee8856e3a88b41225abfe1ce8df57b7c13915fe121ffb8"
            ],
            "index": "pypi",
            "markers": "python_version >= '3.8'",
            "version": "==4.12.2"
        },
        "tzdata": {
            "hashes": [
                "sha256:74da81ecf2b3887c94e53fc1d466d4362aaf8b26fc87cda18f22004544694583",
                "sha256:ada9133fbd561e6ec3d1674d3fba50251636e918aa97bd59d63735bef5a513bb"
            ],
            "index": "pypi",
            "markers": "python_version >= '2'",
            "version": "==2022.4"
        },
        "whitenoise": {
            "hashes": [
                "sha256:8e9c600a5c18bd17655ef668ad55b5edf6c24ce9bdca5bf607649ca4b1e8e2c2",
                "sha256:8fa943c6d4cd9e27673b70c21a07b0aa120873901e099cd46cab40f7cc96d567"
            ],
            "index": "pypi",
            "markers": "python_version >= '3.7'",
            "version": "==6.2.0"
        }
    },
    "develop": {}
}
